{
  "name": "nicoevent",
  "version": "1.0.0",
  "lockfileVersion": 1,
  "requires": true,
  "dependencies": {
    "@azure/functions": {
      "version": "1.0.3",
      "resolved": "https://registry.npmjs.org/@azure/functions/-/functions-1.0.3.tgz",
      "integrity": "sha512-/D+sz6LgWT+A6RRW2zhwlwhKqqDSxL6HCF1Q1lN0iXolD2FfNFZpzrOxGyGYEEXp/5Dtjp12bcRTBhMH1cBi2Q==",
      "dev": true
    },
    "dotenv": {
      "version": "8.2.0",
      "resolved": "https://registry.npmjs.org/dotenv/-/dotenv-8.2.0.tgz",
      "integrity": "sha512-8sJ78ElpbDJBHNeBzUbUVLsqKdccaa/BXF1uPTw3GrvQTBgrQrtObr2mUrE38vzYd8cEv+m/JBfDLioYcfXoaw=="
    },
    "nanoid": {
      "version": "2.1.7",
      "resolved": "https://registry.npmjs.org/nanoid/-/nanoid-2.1.7.tgz",
      "integrity": "sha512-fmS3qwDldm4bE01HCIRqNk+f255CNjnAoeV3Zzzv0KemObHKqYgirVaZA9DtKcjogicWjYcHkJs4D5A8CjnuVQ=="
    },
    "node-fetch": {
      "version": "2.6.0",
      "resolved": "https://registry.npmjs.org/node-fetch/-/node-fetch-2.6.0.tgz",
      "integrity": "sha512-8dG4H5ujfvFiqDmVu9fQ5bOHUC15JMjMY/Zumv26oOvvVJjM67KF8koCWIabKQ1GJIa9r2mMZscBq/TbdOcmNA=="
    },
    "shortid": {
      "version": "2.2.15",
      "resolved": "https://registry.npmjs.org/shortid/-/shortid-2.2.15.tgz",
      "integrity": "sha512-5EaCy2mx2Jgc/Fdn9uuDuNIIfWBpzY4XIlhoqtXF6qsf+/+SGZ+FxDdX/ZsMZiWupIWNqAEmiNY4RC+LSmCeOw==",
      "requires": {
        "nanoid": "^2.1.0"
      }
    },
    "typescript": {
      "version": "3.7.3",
      "resolved": "https://registry.npmjs.org/typescript/-/typescript-3.7.3.tgz",
      "integrity": "sha512-Mcr/Qk7hXqFBXMN7p7Lusj1ktCBydylfQM/FZCk5glCNQJrCUKPkMHdo9R0MTFWsC/4kPFvDS0fDPvukfCkFsw==",
      "dev": true
    }
  }
}
